<?xml version="1.0" encoding="utf-8"?>
<Project ToolsVersion="17.0" xmlns="http://schemas.microsoft.com/developer/msbuild/2003">
  <ItemGroup>
    <ClCompile Include="D:\gitnext\mysqlversion_vs\mysqlversion_vs.cpp">
      <Filter>Source Files</Filter>
    </ClCompile>
  </ItemGroup>
  <ItemGroup>
    <ClInclude Include="D:\gitnext\mysqlversion_vs\mysql_connect.h">
      <Filter>Header Files</Filter>
    </ClInclude>
    <ClInclude Include="D:\gitnext\mysqlversion_vs\Functionatlity.h">
      <Filter>Header Files</Filter>
    </ClInclude>
  </ItemGroup>
  <ItemGroup>
    <CustomBuild Include="D:\gitnext\mysqlversion_vs\CMakeLists.txt" />
  </ItemGroup>
  <ItemGroup>
    <None Include="D:\gitnext\mysqlversion_vs\library_table.sql" />
  </ItemGroup>
  <ItemGroup>
    <Filter Include="Header Files">
      <UniqueIdentifier>{F2D05E98-EBFB-30DE-9673-922582BB9AE2}</UniqueIdentifier>
    </Filter>
    <Filter Include="Source Files">
      <UniqueIdentifier>{2FFF02E1-9F70-3866-8F14-E285F65B6EB6}</UniqueIdentifier>
    </Filter>
  </ItemGroup>
</Project>
